
Microsoft Visual Studio Solution File, Format Version 12.00
# Visual Studio Version 17
VisualStudioVersion = 17.0.31912.275
MinimumVisualStudioVersion = 10.0.40219.1
Project("{9A19103F-16F7-4668-BE54-9A1E7A4F7556}") = "PasswordManagerUtilities", "PasswordManagerUtilities\PasswordManagerUtilities.csproj", "{EB4F7B14-09AA-4736-8C84-BD5F2903946C}"
EndProject
Project("{9A19103F-16F7-4668-BE54-9A1E7A4F7556}") = "NEA_CBC_Test", "NEAEncryptionTesting\NEA_CBC_Test.csproj", "{9CD91824-15B2-40C8-A694-106697830F23}"
EndProject
Project("{9A19103F-16F7-4668-BE54-9A1E7A4F7556}") = "PBKDF2_Speed_Test", "PBKDF2_Speed_Test\PBKDF2_Speed_Test.csproj", "{CD2FFE4B-7148-401E-9A47-F403D07B50B7}"
EndProject
Project("{9A19103F-16F7-4668-BE54-9A1E7A4F7556}") = "AES_GCM_Test", "AES_GCM_Test\AES_GCM_Test.csproj", "{ED65CF1F-53ED-420A-868D-C7E25FDF304E}"
EndProject
Project("{9A19103F-16F7-4668-BE54-9A1E7A4F7556}") = "ClientTest", "ClientTest\ClientTest.csproj", "{0CDA693D-4FF7-4677-8DEF-8534FA38BC96}"
EndProject
Project("{9A19103F-16F7-4668-BE54-9A1E7A4F7556}") = "ClientSoftware", "ClientSoftware\ClientSoftware.csproj", "{848F45D1-908C-4BEC-8604-D1A033DCB499}"
EndProject
Project("{9A19103F-16F7-4668-BE54-9A1E7A4F7556}") = "RSA_4096_Test", "RSA_4096_Test\RSA_4096_Test.csproj", "{F82F223D-F7C1-4464-B8A1-D551C10BF70E}"
EndProject
Project("{9A19103F-16F7-4668-BE54-9A1E7A4F7556}") = "VaultTest", "VaultTest\VaultTest.csproj", "{79993F50-DA39-4C67-86ED-6FDB340FBF83}"
EndProject
Project("{9A19103F-16F7-4668-BE54-9A1E7A4F7556}") = "ServerSoftware", "ServerSoftware\ServerSoftware.csproj", "{86E751DC-B569-4012-B873-A4118FB8B434}"
EndProject
Project("{FAE04EC0-301F-11D3-BF4B-00C04F79EFBC}") = "MergeTest", "MergeTest\MergeTest.csproj", "{30D42F28-B6C0-45AC-99A0-BEE9A97EB4C0}"
EndProject
Global
	GlobalSection(SolutionConfigurationPlatforms) = preSolution
		Debug|Any CPU = Debug|Any CPU
		Release|Any CPU = Release|Any CPU
	EndGlobalSection
	GlobalSection(ProjectConfigurationPlatforms) = postSolution
		{EB4F7B14-09AA-4736-8C84-BD5F2903946C}.Debug|Any CPU.ActiveCfg = Debug|Any CPU
		{EB4F7B14-09AA-4736-8C84-BD5F2903946C}.Debug|Any CPU.Build.0 = Debug|Any CPU
		{EB4F7B14-09AA-4736-8C84-BD5F2903946C}.Release|Any CPU.ActiveCfg = Release|Any CPU
		{EB4F7B14-09AA-4736-8C84-BD5F2903946C}.Release|Any CPU.Build.0 = Release|Any CPU
		{9CD91824-15B2-40C8-A694-106697830F23}.Debug|Any CPU.ActiveCfg = Debug|Any CPU
		{9CD91824-15B2-40C8-A694-106697830F23}.Debug|Any CPU.Build.0 = Debug|Any CPU
		{9CD91824-15B2-40C8-A694-106697830F23}.Release|Any CPU.ActiveCfg = Release|Any CPU
		{9CD91824-15B2-40C8-A694-106697830F23}.Release|Any CPU.Build.0 = Release|Any CPU
		{CD2FFE4B-7148-401E-9A47-F403D07B50B7}.Debug|Any CPU.ActiveCfg = Debug|Any CPU
		{CD2FFE4B-7148-401E-9A47-F403D07B50B7}.Debug|Any CPU.Build.0 = Debug|Any CPU
		{CD2FFE4B-7148-401E-9A47-F403D07B50B7}.Release|Any CPU.ActiveCfg = Release|Any CPU
		{CD2FFE4B-7148-401E-9A47-F403D07B50B7}.Release|Any CPU.Build.0 = Release|Any CPU
		{ED65CF1F-53ED-420A-868D-C7E25FDF304E}.Debug|Any CPU.ActiveCfg = Debug|Any CPU
		{ED65CF1F-53ED-420A-868D-C7E25FDF304E}.Debug|Any CPU.Build.0 = Debug|Any CPU
		{ED65CF1F-53ED-420A-868D-C7E25FDF304E}.Release|Any CPU.ActiveCfg = Release|Any CPU
		{ED65CF1F-53ED-420A-868D-C7E25FDF304E}.Release|Any CPU.Build.0 = Release|Any CPU
		{0CDA693D-4FF7-4677-8DEF-8534FA38BC96}.Debug|Any CPU.ActiveCfg = Debug|Any CPU
		{0CDA693D-4FF7-4677-8DEF-8534FA38BC96}.Debug|Any CPU.Build.0 = Debug|Any CPU
		{0CDA693D-4FF7-4677-8DEF-8534FA38BC96}.Release|Any CPU.ActiveCfg = Release|Any CPU
		{0CDA693D-4FF7-4677-8DEF-8534FA38BC96}.Release|Any CPU.Build.0 = Release|Any CPU
		{848F45D1-908C-4BEC-8604-D1A033DCB499}.Debug|Any CPU.ActiveCfg = Debug|Any CPU
		{848F45D1-908C-4BEC-8604-D1A033DCB499}.Debug|Any CPU.Build.0 = Debug|Any CPU
		{848F45D1-908C-4BEC-8604-D1A033DCB499}.Release|Any CPU.ActiveCfg = Release|Any CPU
		{848F45D1-908C-4BEC-8604-D1A033DCB499}.Release|Any CPU.Build.0 = Release|Any CPU
		{F82F223D-F7C1-4464-B8A1-D551C10BF70E}.Debug|Any CPU.ActiveCfg = Debug|Any CPU
		{F82F223D-F7C1-4464-B8A1-D551C10BF70E}.Debug|Any CPU.Build.0 = Debug|Any CPU
		{F82F223D-F7C1-4464-B8A1-D551C10BF70E}.Release|Any CPU.ActiveCfg = Release|Any CPU
		{F82F223D-F7C1-4464-B8A1-D551C10BF70E}.Release|Any CPU.Build.0 = Release|Any CPU
		{79993F50-DA39-4C67-86ED-6FDB340FBF83}.Debug|Any CPU.ActiveCfg = Debug|Any CPU
		{79993F50-DA39-4C67-86ED-6FDB340FBF83}.Debug|Any CPU.Build.0 = Debug|Any CPU
		{79993F50-DA39-4C67-86ED-6FDB340FBF83}.Release|Any CPU.ActiveCfg = Release|Any CPU
		{79993F50-DA39-4C67-86ED-6FDB340FBF83}.Release|Any CPU.Build.0 = Release|Any CPU
		{86E751DC-B569-4012-B873-A4118FB8B434}.Debug|Any CPU.ActiveCfg = Debug|Any CPU
		{86E751DC-B569-4012-B873-A4118FB8B434}.Debug|Any CPU.Build.0 = Debug|Any CPU
		{86E751DC-B569-4012-B873-A4118FB8B434}.Release|Any CPU.ActiveCfg = Release|Any CPU
		{86E751DC-B569-4012-B873-A4118FB8B434}.Release|Any CPU.Build.0 = Release|Any CPU
		{30D42F28-B6C0-45AC-99A0-BEE9A97EB4C0}.Debug|Any CPU.ActiveCfg = Debug|Any CPU
		{30D42F28-B6C0-45AC-99A0-BEE9A97EB4C0}.Debug|Any CPU.Build.0 = Debug|Any CPU
		{30D42F28-B6C0-45AC-99A0-BEE9A97EB4C0}.Release|Any CPU.ActiveCfg = Release|Any CPU
		{30D42F28-B6C0-45AC-99A0-BEE9A97EB4C0}.Release|Any CPU.Build.0 = Release|Any CPU
	EndGlobalSection
	GlobalSection(SolutionProperties) = preSolution
		HideSolutionNode = FALSE
	EndGlobalSection
	GlobalSection(ExtensibilityGlobals) = postSolution
		SolutionGuid = {6C560C09-6C9F-4DDD-8775-AB8574D75592}
	EndGlobalSection
EndGlobal
